
Microsoft Visual Studio Solution File, Format Version 12.00
# Visual Studio Express 15 for Windows Desktop
VisualStudioVersion = 15.0.27703.2047
MinimumVisualStudioVersion = 10.0.40219.1
Project("{FAE04EC0-301F-11D3-BF4B-00C04F79EFBC}") = "ExpenseTracker", "ExpenseTracker\ExpenseTracker.csproj", "{F32407B6-176C-4F8F-852D-4F258F6C028D}"
EndProject
Global
	GlobalSection(SolutionConfigurationPlatforms) = preSolution
		Debug|Any CPU = Debug|Any CPU
		Release|Any CPU = Release|Any CPU
	EndGlobalSection
	GlobalSection(ProjectConfigurationPlatforms) = postSolution
		{F32407B6-176C-4F8F-852D-4F258F6C028D}.Debug|Any CPU.ActiveCfg = Debug|Any CPU
		{F32407B6-176C-4F8F-852D-4F258F6C028D}.Debug|Any CPU.Build.0 = Debug|Any CPU
		{F32407B6-176C-4F8F-852D-4F258F6C028D}.Release|Any CPU.ActiveCfg = Release|Any CPU
		{F32407B6-176C-4F8F-852D-4F258F6C028D}.Release|Any CPU.Build.0 = Release|Any CPU
	EndGlobalSection
	GlobalSection(SolutionProperties) = preSolution
		HideSolutionNode = FALSE
	EndGlobalSection
	GlobalSection(ExtensibilityGlobals) = postSolution
		SolutionGuid = {F75380CF-80CF-486A-AEED-F5DC0769047A}
	EndGlobalSection
EndGlobal
